
Microsoft Visual Studio Solution File, Format Version 12.00
# Visual Studio Version 16
VisualStudioVersion = 16.0.31112.23
MinimumVisualStudioVersion = 10.0.40219.1
Project("{9A19103F-16F7-4668-BE54-9A1E7A4F7556}") = "OdataServiceClient.Konsole", "OdataServiceClient.Konsole\OdataServiceClient.Konsole.csproj", "{378A6C86-969D-4AE2-B514-7C9F0E5BE739}"
EndProject
Project("{FAE04EC0-301F-11D3-BF4B-00C04F79EFBC}") = "OdataServiceClient.Local.Konsole", "OdataServiceClient.Local.Konsole\OdataServiceClient.Local.Konsole.csproj", "{B19E020B-BDDB-4BCF-9196-63947589152D}"
EndProject
Global
	GlobalSection(SolutionConfigurationPlatforms) = preSolution
		Debug|Any CPU = Debug|Any CPU
		Release|Any CPU = Release|Any CPU
	EndGlobalSection
	GlobalSection(ProjectConfigurationPlatforms) = postSolution
		{378A6C86-969D-4AE2-B514-7C9F0E5BE739}.Debug|Any CPU.ActiveCfg = Debug|Any CPU
		{378A6C86-969D-4AE2-B514-7C9F0E5BE739}.Debug|Any CPU.Build.0 = Debug|Any CPU
		{378A6C86-969D-4AE2-B514-7C9F0E5BE739}.Release|Any CPU.ActiveCfg = Release|Any CPU
		{378A6C86-969D-4AE2-B514-7C9F0E5BE739}.Release|Any CPU.Build.0 = Release|Any CPU
		{B19E020B-BDDB-4BCF-9196-63947589152D}.Debug|Any CPU.ActiveCfg = Debug|Any CPU
		{B19E020B-BDDB-4BCF-9196-63947589152D}.Debug|Any CPU.Build.0 = Debug|Any CPU
		{B19E020B-BDDB-4BCF-9196-63947589152D}.Release|Any CPU.ActiveCfg = Release|Any CPU
		{B19E020B-BDDB-4BCF-9196-63947589152D}.Release|Any CPU.Build.0 = Release|Any CPU
	EndGlobalSection
	GlobalSection(SolutionProperties) = preSolution
		HideSolutionNode = FALSE
	EndGlobalSection
	GlobalSection(ExtensibilityGlobals) = postSolution
		SolutionGuid = {D5AFB681-D972-4069-BC10-CCFE635F03C7}
	EndGlobalSection
EndGlobal
